// !$*UTF8*$!
{
	archiveVersion = 1;
	classes = {
	};
	objectVersion = 46;
	objects = {

/* Begin PBXBuildFile section */
		BA094B9B1550DDF30088FF8C /* DictionaryRootViewController.m in Sources */ = {isa = PBXBuildFile; fileRef = BA094B9A1550DDF30088FF8C /* DictionaryRootViewController.m */; };
		BA094B9F1550E36C0088FF8C /* DictionaryDetailViewController.m in Sources */ = {isa = PBXBuildFile; fileRef = BA094B9E1550E36C0088FF8C /* DictionaryDetailViewController.m */; };
		BA2C9C72154FB4AD004D45C3 /* UIKit.framework in Frameworks */ = {isa = PBXBuildFile; fileRef = BA2C9C71154FB4AD004D45C3 /* UIKit.framework */; };
		BA2C9C74154FB4AD004D45C3 /* Foundation.framework in Frameworks */ = {isa = PBXBuildFile; fileRef = BA2C9C73154FB4AD004D45C3 /* Foundation.framework */; };
		BA2C9C76154FB4AD004D45C3 /* CoreGraphics.framework in Frameworks */ = {isa = PBXBuildFile; fileRef = BA2C9C75154FB4AD004D45C3 /* CoreGraphics.framework */; };
		BA2C9C7C154FB4AD004D45C3 /* InfoPlist.strings in Resources */ = {isa = PBXBuildFile; fileRef = BA2C9C7A154FB4AD004D45C3 /* InfoPlist.strings */; };
		BA2C9C7E154FB4AD004D45C3 /* main.m in Sources */ = {isa = PBXBuildFile; fileRef = BA2C9C7D154FB4AD004D45C3 /* main.m */; };
		BA2C9C82154FB4AD004D45C3 /* AppDelegate.m in Sources */ = {isa = PBXBuildFile; fileRef = BA2C9C81154FB4AD004D45C3 /* AppDelegate.m */; };
		BA2C9C85154FB4AD004D45C3 /* MainStoryboard_iPhone.storyboard in Resources */ = {isa = PBXBuildFile; fileRef = BA2C9C83154FB4AD004D45C3 /* MainStoryboard_iPhone.storyboard */; };
		BA2C9C88154FB4AD004D45C3 /* MainStoryboard_iPad.storyboard in Resources */ = {isa = PBXBuildFile; fileRef = BA2C9C86154FB4AD004D45C3 /* MainStoryboard_iPad.storyboard */; };
		BA2C9C8B154FB4AD004D45C3 /* HomeViewController.m in Sources */ = {isa = PBXBuildFile; fileRef = BA2C9C8A154FB4AD004D45C3 /* HomeViewController.m */; };
		BA2C9C92154FB4AD004D45C3 /* HistoryViewController.m in Sources */ = {isa = PBXBuildFile; fileRef = BA2C9C91154FB4AD004D45C3 /* HistoryViewController.m */; };
		BA2C9C9E154FB4AD004D45C3 /* SenTestingKit.framework in Frameworks */ = {isa = PBXBuildFile; fileRef = BA2C9C9D154FB4AD004D45C3 /* SenTestingKit.framework */; };
		BA2C9C9F154FB4AD004D45C3 /* UIKit.framework in Frameworks */ = {isa = PBXBuildFile; fileRef = BA2C9C71154FB4AD004D45C3 /* UIKit.framework */; };
		BA2C9CA0154FB4AD004D45C3 /* Foundation.framework in Frameworks */ = {isa = PBXBuildFile; fileRef = BA2C9C73154FB4AD004D45C3 /* Foundation.framework */; };
		BA2C9CA8154FB4AD004D45C3 /* InfoPlist.strings in Resources */ = {isa = PBXBuildFile; fileRef = BA2C9CA6154FB4AD004D45C3 /* InfoPlist.strings */; };
		BA2C9CAB154FB4AD004D45C3 /* CadavreExquis4iOSTests.m in Sources */ = {isa = PBXBuildFile; fileRef = BA2C9CAA154FB4AD004D45C3 /* CadavreExquis4iOSTests.m */; };
		BA2C9CB7154FBBA7004D45C3 /* DictionaryViewController.m in Sources */ = {isa = PBXBuildFile; fileRef = BA2C9CB6154FBBA7004D45C3 /* DictionaryViewController.m */; };
		BA2C9CBA154FBC53004D45C3 /* ActionViewController.m in Sources */ = {isa = PBXBuildFile; fileRef = BA2C9CB9154FBC53004D45C3 /* ActionViewController.m */; };
		BA2C9CBD154FBC9A004D45C3 /* AboutViewController.m in Sources */ = {isa = PBXBuildFile; fileRef = BA2C9CBC154FBC9A004D45C3 /* AboutViewController.m */; };
		BA2C9CC1154FBE25004D45C3 /* ce4ios.jpg in Resources */ = {isa = PBXBuildFile; fileRef = BA2C9CBE154FBE25004D45C3 /* ce4ios.jpg */; };
		BA2C9CC5154FBE49004D45C3 /* icon.png in Resources */ = {isa = PBXBuildFile; fileRef = BA2C9CC4154FBE49004D45C3 /* icon.png */; };
		BA2C9CC7154FBE51004D45C3 /* iconRatina.png in Resources */ = {isa = PBXBuildFile; fileRef = BA2C9CC6154FBE51004D45C3 /* iconRatina.png */; };
		BA2C9CC9154FBE93004D45C3 /* MessageUI.framework in Frameworks */ = {isa = PBXBuildFile; fileRef = BA2C9CC8154FBE93004D45C3 /* MessageUI.framework */; };
		BA2C9CCB154FBE9D004D45C3 /* CoreData.framework in Frameworks */ = {isa = PBXBuildFile; fileRef = BA2C9CCA154FBE9D004D45C3 /* CoreData.framework */; };
		BA2C9CCF154FBEBB004D45C3 /* initialData.sqlite in Resources */ = {isa = PBXBuildFile; fileRef = BA2C9CCC154FBEBB004D45C3 /* initialData.sqlite */; };
		BA2C9CD0154FBEBB004D45C3 /* Model.xcdatamodeld in Sources */ = {isa = PBXBuildFile; fileRef = BA2C9CCD154FBEBB004D45C3 /* Model.xcdatamodeld */; };
		BA2C9CDB154FBFAC004D45C3 /* BackgroundView.m in Sources */ = {isa = PBXBuildFile; fileRef = BA2C9CDA154FBFAC004D45C3 /* BackgroundView.m */; };
		BA2C9CDC154FBFAC004D45C3 /* BackgroundView.m in Sources */ = {isa = PBXBuildFile; fileRef = BA2C9CDA154FBFAC004D45C3 /* BackgroundView.m */; };
		BA2C9CE1154FBFCB004D45C3 /* Dictionary.m in Sources */ = {isa = PBXBuildFile; fileRef = BA2C9CDE154FBFCB004D45C3 /* Dictionary.m */; };
		BA2C9CE2154FBFCB004D45C3 /* DictionaryProxy.m in Sources */ = {isa = PBXBuildFile; fileRef = BA2C9CE0154FBFCB004D45C3 /* DictionaryProxy.m */; };
		BA2C9CE5154FBFDE004D45C3 /* History.m in Sources */ = {isa = PBXBuildFile; fileRef = BA2C9CE4154FBFDE004D45C3 /* History.m */; };
		BA2C9CE8154FBFF8004D45C3 /* TextView.m in Sources */ = {isa = PBXBuildFile; fileRef = BA2C9CE7154FBFF8004D45C3 /* TextView.m */; };
		BA2C9CF4154FEABF004D45C3 /* QuartzCore.framework in Frameworks */ = {isa = PBXBuildFile; fileRef = BA2C9CF3154FEABF004D45C3 /* QuartzCore.framework */; };
		BA5E222815511BA700618AD7 /* home_24.png in Resources */ = {isa = PBXBuildFile; fileRef = BA5E222715511BA700618AD7 /* home_24.png */; };
		BA5E222A15511C5500618AD7 /* info_24.png in Resources */ = {isa = PBXBuildFile; fileRef = BA5E222915511C5500618AD7 /* info_24.png */; };
		BA5E222C15511CE100618AD7 /* plus_24.png in Resources */ = {isa = PBXBuildFile; fileRef = BA5E222B15511CE100618AD7 /* plus_24.png */; };
		BA5E223015511E0D00618AD7 /* book_24.png in Resources */ = {isa = PBXBuildFile; fileRef = BA5E222F15511E0D00618AD7 /* book_24.png */; };
		BA5E223215511E5A00618AD7 /* outbox_24.png in Resources */ = {isa = PBXBuildFile; fileRef = BA5E223115511E5900618AD7 /* outbox_24.png */; };
		BAB78C591551C2F200940972 /* Accounts.framework in Frameworks */ = {isa = PBXBuildFile; fileRef = BAB78C581551C2F200940972 /* Accounts.framework */; };
		BAB78C5C1551C2FA00940972 /* Twitter.framework in Frameworks */ = {isa = PBXBuildFile; fileRef = BAB78C5B1551C2FA00940972 /* Twitter.framework */; };
		BAB78C621551C5B900940972 /* book_24@2x.png in Resources */ = {isa = PBXBuildFile; fileRef = BAB78C5D1551C5B900940972 /* book_24@2x.png */; };
		BAB78C631551C5B900940972 /* home_24@2x.png in Resources */ = {isa = PBXBuildFile; fileRef = BAB78C5E1551C5B900940972 /* home_24@2x.png */; };
		BAB78C641551C5B900940972 /* info_24@2x.png in Resources */ = {isa = PBXBuildFile; fileRef = BAB78C5F1551C5B900940972 /* info_24@2x.png */; };
		BAB78C651551C5B900940972 /* outbox_24@2x.png in Resources */ = {isa = PBXBuildFile; fileRef = BAB78C601551C5B900940972 /* outbox_24@2x.png */; };
		BAB78C661551C5B900940972 /* plus_24@2x.png in Resources */ = {isa = PBXBuildFile; fileRef = BAB78C611551C5B900940972 /* plus_24@2x.png */; };
		BAB78C691551C8B700940972 /* DictionaryAddViewController.m in Sources */ = {isa = PBXBuildFile; fileRef = BAB78C681551C8B700940972 /* DictionaryAddViewController.m */; };
		BAB78C6D1551D84E00940972 /* FBNetworkReachability.m in Sources */ = {isa = PBXBuildFile; fileRef = BAB78C6C1551D84E00940972 /* FBNetworkReachability.m */; };
		BAB78C6F1551DA5300940972 /* SystemConfiguration.framework in Frameworks */ = {isa = PBXBuildFile; fileRef = BAB78C6E1551DA5300940972 /* SystemConfiguration.framework */; };
		BADB218C15502053005770C5 /* PaddingedLabel.m in Sources */ = {isa = PBXBuildFile; fileRef = BADB218B15502053005770C5 /* PaddingedLabel.m */; };
/* End PBXBuildFile section */

/* Begin PBXContainerItemProxy section */
		BA2C9CA1154FB4AD004D45C3 /* PBXContainerItemProxy */ = {
			isa = PBXContainerItemProxy;
			containerPortal = BA2C9C64154FB4AD004D45C3 /* Project object */;
			proxyType = 1;
			remoteGlobalIDString = BA2C9C6C154FB4AD004D45C3;
			remoteInfo = CadavreExquis4iOS;
		};
/* End PBXContainerItemProxy section */

/* Begin PBXFileReference section */
		BA094B991550DDF30088FF8C /* DictionaryRootViewController.h */ = {isa = PBXFileReference; fileEncoding = 4; lastKnownFileType = sourcecode.c.h; path = DictionaryRootViewController.h; sourceTree = "<group>"; };
		BA094B9A1550DDF30088FF8C /* DictionaryRootViewController.m */ = {isa = PBXFileReference; fileEncoding = 4; lastKnownFileType = sourcecode.c.objc; path = DictionaryRootViewController.m; sourceTree = "<group>"; };
		BA094B9D1550E36C0088FF8C /* DictionaryDetailViewController.h */ = {isa = PBXFileReference; fileEncoding = 4; lastKnownFileType = sourcecode.c.h; path = DictionaryDetailViewController.h; sourceTree = "<group>"; };
		BA094B9E1550E36C0088FF8C /* DictionaryDetailViewController.m */ = {isa = PBXFileReference; fileEncoding = 4; lastKnownFileType = sourcecode.c.objc; path = DictionaryDetailViewController.m; sourceTree = "<group>"; };
		BA2C9C6D154FB4AD004D45C3 /* CadavreExquis4iOS.app */ = {isa = PBXFileReference; explicitFileType = wrapper.application; includeInIndex = 0; path = CadavreExquis4iOS.app; sourceTree = BUILT_PRODUCTS_DIR; };
		BA2C9C71154FB4AD004D45C3 /* UIKit.framework */ = {isa = PBXFileReference; lastKnownFileType = wrapper.framework; name = UIKit.framework; path = System/Library/Frameworks/UIKit.framework; sourceTree = SDKROOT; };
		BA2C9C73154FB4AD004D45C3 /* Foundation.framework */ = {isa = PBXFileReference; lastKnownFileType = wrapper.framework; name = Foundation.framework; path = System/Library/Frameworks/Foundation.framework; sourceTree = SDKROOT; };
		BA2C9C75154FB4AD004D45C3 /* CoreGraphics.framework */ = {isa = PBXFileReference; lastKnownFileType = wrapper.framework; name = CoreGraphics.framework; path = System/Library/Frameworks/CoreGraphics.framework; sourceTree = SDKROOT; };
		BA2C9C79154FB4AD004D45C3 /* CadavreExquis4iOS-Info.plist */ = {isa = PBXFileReference; lastKnownFileType = text.plist.xml; path = "CadavreExquis4iOS-Info.plist"; sourceTree = "<group>"; };
		BA2C9C7B154FB4AD004D45C3 /* en */ = {isa = PBXFileReference; lastKnownFileType = text.plist.strings; name = en; path = en.lproj/InfoPlist.strings; sourceTree = "<group>"; };
		BA2C9C7D154FB4AD004D45C3 /* main.m */ = {isa = PBXFileReference; lastKnownFileType = sourcecode.c.objc; path = main.m; sourceTree = "<group>"; };
		BA2C9C7F154FB4AD004D45C3 /* CadavreExquis4iOS-Prefix.pch */ = {isa = PBXFileReference; lastKnownFileType = sourcecode.c.h; path = "CadavreExquis4iOS-Prefix.pch"; sourceTree = "<group>"; };
		BA2C9C80154FB4AD004D45C3 /* AppDelegate.h */ = {isa = PBXFileReference; lastKnownFileType = sourcecode.c.h; path = AppDelegate.h; sourceTree = "<group>"; };
		BA2C9C81154FB4AD004D45C3 /* AppDelegate.m */ = {isa = PBXFileReference; lastKnownFileType = sourcecode.c.objc; path = AppDelegate.m; sourceTree = "<group>"; };
		BA2C9C84154FB4AD004D45C3 /* en */ = {isa = PBXFileReference; lastKnownFileType = file.storyboard; name = en; path = en.lproj/MainStoryboard_iPhone.storyboard; sourceTree = "<group>"; };
		BA2C9C87154FB4AD004D45C3 /* en */ = {isa = PBXFileReference; lastKnownFileType = file.storyboard; name = en; path = en.lproj/MainStoryboard_iPad.storyboard; sourceTree = "<group>"; };
		BA2C9C89154FB4AD004D45C3 /* HomeViewController.h */ = {isa = PBXFileReference; lastKnownFileType = sourcecode.c.h; path = HomeViewController.h; sourceTree = "<group>"; };
		BA2C9C8A154FB4AD004D45C3 /* HomeViewController.m */ = {isa = PBXFileReference; lastKnownFileType = sourcecode.c.objc; path = HomeViewController.m; sourceTree = "<group>"; };
		BA2C9C90154FB4AD004D45C3 /* HistoryViewController.h */ = {isa = PBXFileReference; lastKnownFileType = sourcecode.c.h; path = HistoryViewController.h; sourceTree = "<group>"; };
		BA2C9C91154FB4AD004D45C3 /* HistoryViewController.m */ = {isa = PBXFileReference; lastKnownFileType = sourcecode.c.objc; path = HistoryViewController.m; sourceTree = "<group>"; };
		BA2C9C9C154FB4AD004D45C3 /* CadavreExquis4iOSTests.octest */ = {isa = PBXFileReference; explicitFileType = wrapper.cfbundle; includeInIndex = 0; path = CadavreExquis4iOSTests.octest; sourceTree = BUILT_PRODUCTS_DIR; };
		BA2C9C9D154FB4AD004D45C3 /* SenTestingKit.framework */ = {isa = PBXFileReference; lastKnownFileType = wrapper.framework; name = SenTestingKit.framework; path = Library/Frameworks/SenTestingKit.framework; sourceTree = DEVELOPER_DIR; };
		BA2C9CA5154FB4AD004D45C3 /* CadavreExquis4iOSTests-Info.plist */ = {isa = PBXFileReference; lastKnownFileType = text.plist.xml; path = "CadavreExquis4iOSTests-Info.plist"; sourceTree = "<group>"; };
		BA2C9CA7154FB4AD004D45C3 /* en */ = {isa = PBXFileReference; lastKnownFileType = text.plist.strings; name = en; path = en.lproj/InfoPlist.strings; sourceTree = "<group>"; };
		BA2C9CA9154FB4AD004D45C3 /* CadavreExquis4iOSTests.h */ = {isa = PBXFileReference; lastKnownFileType = sourcecode.c.h; path = CadavreExquis4iOSTests.h; sourceTree = "<group>"; };
		BA2C9CAA154FB4AD004D45C3 /* CadavreExquis4iOSTests.m */ = {isa = PBXFileReference; lastKnownFileType = sourcecode.c.objc; path = CadavreExquis4iOSTests.m; sourceTree = "<group>"; };
		BA2C9CB5154FBBA7004D45C3 /* DictionaryViewController.h */ = {isa = PBXFileReference; fileEncoding = 4; lastKnownFileType = sourcecode.c.h; path = DictionaryViewController.h; sourceTree = "<group>"; };
		BA2C9CB6154FBBA7004D45C3 /* DictionaryViewController.m */ = {isa = PBXFileReference; fileEncoding = 4; lastKnownFileType = sourcecode.c.objc; path = DictionaryViewController.m; sourceTree = "<group>"; };
		BA2C9CB8154FBC53004D45C3 /* ActionViewController.h */ = {isa = PBXFileReference; fileEncoding = 4; lastKnownFileType = sourcecode.c.h; path = ActionViewController.h; sourceTree = "<group>"; };
		BA2C9CB9154FBC53004D45C3 /* ActionViewController.m */ = {isa = PBXFileReference; fileEncoding = 4; lastKnownFileType = sourcecode.c.objc; path = ActionViewController.m; sourceTree = "<group>"; };
		BA2C9CBB154FBC9A004D45C3 /* AboutViewController.h */ = {isa = PBXFileReference; fileEncoding = 4; lastKnownFileType = sourcecode.c.h; path = AboutViewController.h; sourceTree = "<group>"; };
		BA2C9CBC154FBC9A004D45C3 /* AboutViewController.m */ = {isa = PBXFileReference; fileEncoding = 4; lastKnownFileType = sourcecode.c.objc; path = AboutViewController.m; sourceTree = "<group>"; };
		BA2C9CBE154FBE25004D45C3 /* ce4ios.jpg */ = {isa = PBXFileReference; lastKnownFileType = image.jpeg; name = ce4ios.jpg; path = images/ce4ios.jpg; sourceTree = "<group>"; };
		BA2C9CC4154FBE49004D45C3 /* icon.png */ = {isa = PBXFileReference; lastKnownFileType = image.png; path = icon.png; sourceTree = "<group>"; };
		BA2C9CC6154FBE51004D45C3 /* iconRatina.png */ = {isa = PBXFileReference; lastKnownFileType = image.png; path = iconRatina.png; sourceTree = "<group>"; };
		BA2C9CC8154FBE93004D45C3 /* MessageUI.framework */ = {isa = PBXFileReference; lastKnownFileType = wrapper.framework; name = MessageUI.framework; path = System/Library/Frameworks/MessageUI.framework; sourceTree = SDKROOT; };
		BA2C9CCA154FBE9D004D45C3 /* CoreData.framework */ = {isa = PBXFileReference; lastKnownFileType = wrapper.framework; name = CoreData.framework; path = System/Library/Frameworks/CoreData.framework; sourceTree = SDKROOT; };
		BA2C9CCC154FBEBB004D45C3 /* initialData.sqlite */ = {isa = PBXFileReference; lastKnownFileType = file; path = initialData.sqlite; sourceTree = "<group>"; };
		BA2C9CCE154FBEBB004D45C3 /* Model.xcdatamodel */ = {isa = PBXFileReference; lastKnownFileType = wrapper.xcdatamodel; path = Model.xcdatamodel; sourceTree = "<group>"; };
		BA2C9CD9154FBFAC004D45C3 /* BackgroundView.h */ = {isa = PBXFileReference; fileEncoding = 4; lastKnownFileType = sourcecode.c.h; path = BackgroundView.h; sourceTree = "<group>"; };
		BA2C9CDA154FBFAC004D45C3 /* BackgroundView.m */ = {isa = PBXFileReference; fileEncoding = 4; lastKnownFileType = sourcecode.c.objc; path = BackgroundView.m; sourceTree = "<group>"; };
		BA2C9CDD154FBFCB004D45C3 /* Dictionary.h */ = {isa = PBXFileReference; fileEncoding = 4; lastKnownFileType = sourcecode.c.h; path = Dictionary.h; sourceTree = "<group>"; };
		BA2C9CDE154FBFCB004D45C3 /* Dictionary.m */ = {isa = PBXFileReference; fileEncoding = 4; lastKnownFileType = sourcecode.c.objc; path = Dictionary.m; sourceTree = "<group>"; };
		BA2C9CDF154FBFCB004D45C3 /* DictionaryProxy.h */ = {isa = PBXFileReference; fileEncoding = 4; lastKnownFileType = sourcecode.c.h; path = DictionaryProxy.h; sourceTree = "<group>"; };
		BA2C9CE0154FBFCB004D45C3 /* DictionaryProxy.m */ = {isa = PBXFileReference; fileEncoding = 4; lastKnownFileType = sourcecode.c.objc; path = DictionaryProxy.m; sourceTree = "<group>"; };
		BA2C9CE3154FBFDE004D45C3 /* History.h */ = {isa = PBXFileReference; fileEncoding = 4; lastKnownFileType = sourcecode.c.h; path = History.h; sourceTree = "<group>"; };
		BA2C9CE4154FBFDE004D45C3 /* History.m */ = {isa = PBXFileReference; fileEncoding = 4; lastKnownFileType = sourcecode.c.objc; path = History.m; sourceTree = "<group>"; };
		BA2C9CE6154FBFF8004D45C3 /* TextView.h */ = {isa = PBXFileReference; fileEncoding = 4; lastKnownFileType = sourcecode.c.h; path = TextView.h; sourceTree = "<group>"; };
		BA2C9CE7154FBFF8004D45C3 /* TextView.m */ = {isa = PBXFileReference; fileEncoding = 4; lastKnownFileType = sourcecode.c.objc; path = TextView.m; sourceTree = "<group>"; };
		BA2C9CF3154FEABF004D45C3 /* QuartzCore.framework */ = {isa = PBXFileReference; lastKnownFileType = wrapper.framework; name = QuartzCore.framework; path = System/Library/Frameworks/QuartzCore.framework; sourceTree = SDKROOT; };
		BA5E222715511BA700618AD7 /* home_24.png */ = {isa = PBXFileReference; lastKnownFileType = image.png; name = home_24.png; path = images/home_24.png; sourceTree = "<group>"; };
		BA5E222915511C5500618AD7 /* info_24.png */ = {isa = PBXFileReference; lastKnownFileType = image.png; name = info_24.png; path = images/info_24.png; sourceTree = "<group>"; };
		BA5E222B15511CE100618AD7 /* plus_24.png */ = {isa = PBXFileReference; lastKnownFileType = image.png; name = plus_24.png; path = images/plus_24.png; sourceTree = "<group>"; };
		BA5E222F15511E0D00618AD7 /* book_24.png */ = {isa = PBXFileReference; lastKnownFileType = image.png; name = book_24.png; path = images/book_24.png; sourceTree = "<group>"; };
		BA5E223115511E5900618AD7 /* outbox_24.png */ = {isa = PBXFileReference; lastKnownFileType = image.png; name = outbox_24.png; path = images/outbox_24.png; sourceTree = "<group>"; };
		BAB78C581551C2F200940972 /* Accounts.framework */ = {isa = PBXFileReference; lastKnownFileType = wrapper.framework; name = Accounts.framework; path = System/Library/Frameworks/Accounts.framework; sourceTree = SDKROOT; };
		BAB78C5B1551C2FA00940972 /* Twitter.framework */ = {isa = PBXFileReference; lastKnownFileType = wrapper.framework; name = Twitter.framework; path = System/Library/Frameworks/Twitter.framework; sourceTree = SDKROOT; };
		BAB78C5D1551C5B900940972 /* book_24@2x.png */ = {isa = PBXFileReference; lastKnownFileType = image.png; name = "book_24@2x.png"; path = "images/book_24@2x.png"; sourceTree = "<group>"; };
		BAB78C5E1551C5B900940972 /* home_24@2x.png */ = {isa = PBXFileReference; lastKnownFileType = image.png; name = "home_24@2x.png"; path = "images/home_24@2x.png"; sourceTree = "<group>"; };
		BAB78C5F1551C5B900940972 /* info_24@2x.png */ = {isa = PBXFileReference; lastKnownFileType = image.png; name = "info_24@2x.png"; path = "images/info_24@2x.png"; sourceTree = "<group>"; };
		BAB78C601551C5B900940972 /* outbox_24@2x.png */ = {isa = PBXFileReference; lastKnownFileType = image.png; name = "outbox_24@2x.png"; path = "images/outbox_24@2x.png"; sourceTree = "<group>"; };
		BAB78C611551C5B900940972 /* plus_24@2x.png */ = {isa = PBXFileReference; lastKnownFileType = image.png; name = "plus_24@2x.png"; path = "images/plus_24@2x.png"; sourceTree = "<group>"; };
		BAB78C671551C8B700940972 /* DictionaryAddViewController.h */ = {isa = PBXFileReference; fileEncoding = 4; lastKnownFileType = sourcecode.c.h; path = DictionaryAddViewController.h; sourceTree = "<group>"; };
		BAB78C681551C8B700940972 /* DictionaryAddViewController.m */ = {isa = PBXFileReference; fileEncoding = 4; lastKnownFileType = sourcecode.c.objc; path = DictionaryAddViewController.m; sourceTree = "<group>"; };
		BAB78C6B1551D84E00940972 /* FBNetworkReachability.h */ = {isa = PBXFileReference; fileEncoding = 4; lastKnownFileType = sourcecode.c.h; path = FBNetworkReachability.h; sourceTree = "<group>"; };
		BAB78C6C1551D84E00940972 /* FBNetworkReachability.m */ = {isa = PBXFileReference; fileEncoding = 4; lastKnownFileType = sourcecode.c.objc; path = FBNetworkReachability.m; sourceTree = "<group>"; };
		BAB78C6E1551DA5300940972 /* SystemConfiguration.framework */ = {isa = PBXFileReference; lastKnownFileType = wrapper.framework; name = SystemConfiguration.framework; path = System/Library/Frameworks/SystemConfiguration.framework; sourceTree = SDKROOT; };
		BADB218A15502053005770C5 /* PaddingedLabel.h */ = {isa = PBXFileReference; fileEncoding = 4; lastKnownFileType = sourcecode.c.h; path = PaddingedLabel.h; sourceTree = "<group>"; };
		BADB218B15502053005770C5 /* PaddingedLabel.m */ = {isa = PBXFileReference; fileEncoding = 4; lastKnownFileType = sourcecode.c.objc; path = PaddingedLabel.m; sourceTree = "<group>"; };
		BAE2529815565FA900E4EFE7 /* ja */ = {isa = PBXFileReference; lastKnownFileType = text.plist.strings; name = ja; path = ja.lproj/InfoPlist.strings; sourceTree = "<group>"; };
		BAE2529915565FA900E4EFE7 /* ja */ = {isa = PBXFileReference; lastKnownFileType = text.plist.strings; name = ja; path = ja.lproj/InfoPlist.strings; sourceTree = "<group>"; };
		BAE2529A15565FA900E4EFE7 /* ja */ = {isa = PBXFileReference; lastKnownFileType = file.storyboard; name = ja; path = ja.lproj/MainStoryboard_iPhone.storyboard; sourceTree = "<group>"; };
		BAE2529B15565FA900E4EFE7 /* ja */ = {isa = PBXFileReference; lastKnownFileType = file.storyboard; name = ja; path = ja.lproj/MainStoryboard_iPad.storyboard; sourceTree = "<group>"; };
/* End PBXFileReference section */

/* Begin PBXFrameworksBuildPhase section */
		BA2C9C6A154FB4AD004D45C3 /* Frameworks */ = {
			isa = PBXFrameworksBuildPhase;
			buildActionMask = 2147483647;
			files = (
				BAB78C6F1551DA5300940972 /* SystemConfiguration.framework in Frameworks */,
				BAB78C5C1551C2FA00940972 /* Twitter.framework in Frameworks */,
				BAB78C591551C2F200940972 /* Accounts.framework in Frameworks */,
				BA2C9CF4154FEABF004D45C3 /* QuartzCore.framework in Frameworks */,
				BA2C9CCB154FBE9D004D45C3 /* CoreData.framework in Frameworks */,
				BA2C9CC9154FBE93004D45C3 /* MessageUI.framework in Frameworks */,
				BA2C9C72154FB4AD004D45C3 /* UIKit.framework in Frameworks */,
				BA2C9C74154FB4AD004D45C3 /* Foundation.framework in Frameworks */,
				BA2C9C76154FB4AD004D45C3 /* CoreGraphics.framework in Frameworks */,
			);
			runOnlyForDeploymentPostprocessing = 0;
		};
		BA2C9C98154FB4AD004D45C3 /* Frameworks */ = {
			isa = PBXFrameworksBuildPhase;
			buildActionMask = 2147483647;
			files = (
				BA2C9C9E154FB4AD004D45C3 /* SenTestingKit.framework in Frameworks */,
				BA2C9C9F154FB4AD004D45C3 /* UIKit.framework in Frameworks */,
				BA2C9CA0154FB4AD004D45C3 /* Foundation.framework in Frameworks */,
			);
			runOnlyForDeploymentPostprocessing = 0;
		};
/* End PBXFrameworksBuildPhase section */

/* Begin PBXGroup section */
		BA2C9C62154FB4AD004D45C3 = {
			isa = PBXGroup;
			children = (
				BA2C9CC6154FBE51004D45C3 /* iconRatina.png */,
				BA2C9CC4154FBE49004D45C3 /* icon.png */,
				BA2C9C77154FB4AD004D45C3 /* CadavreExquis4iOS */,
				BA2C9CA3154FB4AD004D45C3 /* CadavreExquis4iOSTests */,
				BA2C9C70154FB4AD004D45C3 /* Frameworks */,
				BA2C9C6E154FB4AD004D45C3 /* Products */,
			);
			sourceTree = "<group>";
		};
		BA2C9C6E154FB4AD004D45C3 /* Products */ = {
			isa = PBXGroup;
			children = (
				BA2C9C6D154FB4AD004D45C3 /* CadavreExquis4iOS.app */,
				BA2C9C9C154FB4AD004D45C3 /* CadavreExquis4iOSTests.octest */,
			);
			name = Products;
			sourceTree = "<group>";
		};
		BA2C9C70154FB4AD004D45C3 /* Frameworks */ = {
			isa = PBXGroup;
			children = (
				BAB78C6E1551DA5300940972 /* SystemConfiguration.framework */,
				BAB78C5B1551C2FA00940972 /* Twitter.framework */,
				BAB78C581551C2F200940972 /* Accounts.framework */,
				BA2C9CF3154FEABF004D45C3 /* QuartzCore.framework */,
				BA2C9CCA154FBE9D004D45C3 /* CoreData.framework */,
				BA2C9CC8154FBE93004D45C3 /* MessageUI.framework */,
				BA2C9C71154FB4AD004D45C3 /* UIKit.framework */,
				BA2C9C73154FB4AD004D45C3 /* Foundation.framework */,
				BA2C9C75154FB4AD004D45C3 /* CoreGraphics.framework */,
				BA2C9C9D154FB4AD004D45C3 /* SenTestingKit.framework */,
			);
			name = Frameworks;
			sourceTree = "<group>";
		};
		BA2C9C77154FB4AD004D45C3 /* CadavreExquis4iOS */ = {
			isa = PBXGroup;
			children = (
				BA2C9C80154FB4AD004D45C3 /* AppDelegate.h */,
				BA2C9C81154FB4AD004D45C3 /* AppDelegate.m */,
				BA2C9CE9154FC01B004D45C3 /* HomeView */,
				BA2C9CEA154FC039004D45C3 /* HistoryView */,
				BA2C9CEB154FC04D004D45C3 /* DictionaryView */,
				BA2C9CEC154FC05E004D45C3 /* ActionView */,
				BA2C9CED154FC06D004D45C3 /* AboutView */,
				BA2C9CEE154FC083004D45C3 /* Models */,
				BAB78C6A1551D81D00940972 /* Utility */,
				BADB21881550202B005770C5 /* CustomUI */,
				BA2C9CB4154FBADB004D45C3 /* Resources */,
				BA2C9C78154FB4AD004D45C3 /* Supporting Files */,
			);
			path = CadavreExquis4iOS;
			sourceTree = "<group>";
		};
		BA2C9C78154FB4AD004D45C3 /* Supporting Files */ = {
			isa = PBXGroup;
			children = (
				BA2C9C79154FB4AD004D45C3 /* CadavreExquis4iOS-Info.plist */,
				BA2C9C7A154FB4AD004D45C3 /* InfoPlist.strings */,
				BA2C9C7D154FB4AD004D45C3 /* main.m */,
				BA2C9C7F154FB4AD004D45C3 /* CadavreExquis4iOS-Prefix.pch */,
			);
			name = "Supporting Files";
			sourceTree = "<group>";
		};
		BA2C9CA3154FB4AD004D45C3 /* CadavreExquis4iOSTests */ = {
			isa = PBXGroup;
			children = (
				BA2C9CA9154FB4AD004D45C3 /* CadavreExquis4iOSTests.h */,
				BA2C9CAA154FB4AD004D45C3 /* CadavreExquis4iOSTests.m */,
				BA2C9CA4154FB4AD004D45C3 /* Supporting Files */,
			);
			path = CadavreExquis4iOSTests;
			sourceTree = "<group>";
		};
		BA2C9CA4154FB4AD004D45C3 /* Supporting Files */ = {
			isa = PBXGroup;
			children = (
				BA2C9CA5154FB4AD004D45C3 /* CadavreExquis4iOSTests-Info.plist */,
				BA2C9CA6154FB4AD004D45C3 /* InfoPlist.strings */,
			);
			name = "Supporting Files";
			sourceTree = "<group>";
		};
		BA2C9CB4154FBADB004D45C3 /* Resources */ = {
			isa = PBXGroup;
			children = (
				BA2C9C83154FB4AD004D45C3 /* MainStoryboard_iPhone.storyboard */,
				BA2C9C86154FB4AD004D45C3 /* MainStoryboard_iPad.storyboard */,
				BA2C9CCD154FBEBB004D45C3 /* Model.xcdatamodeld */,
				BA2C9CCC154FBEBB004D45C3 /* initialData.sqlite */,
				BA2C9CBE154FBE25004D45C3 /* ce4ios.jpg */,
				BA5E222715511BA700618AD7 /* home_24.png */,
				BAB78C5E1551C5B900940972 /* home_24@2x.png */,
				BA5E222F15511E0D00618AD7 /* book_24.png */,
				BAB78C5D1551C5B900940972 /* book_24@2x.png */,
				BA5E223115511E5900618AD7 /* outbox_24.png */,
				BAB78C601551C5B900940972 /* outbox_24@2x.png */,
				BA5E222B15511CE100618AD7 /* plus_24.png */,
				BAB78C611551C5B900940972 /* plus_24@2x.png */,
				BA5E222915511C5500618AD7 /* info_24.png */,
				BAB78C5F1551C5B900940972 /* info_24@2x.png */,
			);
			name = Resources;
			sourceTree = "<group>";
		};
		BA2C9CE9154FC01B004D45C3 /* HomeView */ = {
			isa = PBXGroup;
			children = (
				BA2C9C89154FB4AD004D45C3 /* HomeViewController.h */,
				BA2C9C8A154FB4AD004D45C3 /* HomeViewController.m */,
				BA2C9CD9154FBFAC004D45C3 /* BackgroundView.h */,
				BA2C9CDA154FBFAC004D45C3 /* BackgroundView.m */,
				BA2C9CE6154FBFF8004D45C3 /* TextView.h */,
				BA2C9CE7154FBFF8004D45C3 /* TextView.m */,
			);
			name = HomeView;
			sourceTree = "<group>";
		};
		BA2C9CEA154FC039004D45C3 /* HistoryView */ = {
			isa = PBXGroup;
			children = (
				BA2C9C90154FB4AD004D45C3 /* HistoryViewController.h */,
				BA2C9C91154FB4AD004D45C3 /* HistoryViewController.m */,
			);
			name = HistoryView;
			sourceTree = "<group>";
		};
		BA2C9CEB154FC04D004D45C3 /* DictionaryView */ = {
			isa = PBXGroup;
			children = (
				BA2C9CB5154FBBA7004D45C3 /* DictionaryViewController.h */,
				BA2C9CB6154FBBA7004D45C3 /* DictionaryViewController.m */,
				BA094B991550DDF30088FF8C /* DictionaryRootViewController.h */,
				BA094B9A1550DDF30088FF8C /* DictionaryRootViewController.m */,
				BA094B9D1550E36C0088FF8C /* DictionaryDetailViewController.h */,
				BA094B9E1550E36C0088FF8C /* DictionaryDetailViewController.m */,
				BAB78C671551C8B700940972 /* DictionaryAddViewController.h */,
				BAB78C681551C8B700940972 /* DictionaryAddViewController.m */,
			);
			name = DictionaryView;
			sourceTree = "<group>";
		};
		BA2C9CEC154FC05E004D45C3 /* ActionView */ = {
			isa = PBXGroup;
			children = (
				BA2C9CB8154FBC53004D45C3 /* ActionViewController.h */,
				BA2C9CB9154FBC53004D45C3 /* ActionViewController.m */,
			);
			name = ActionView;
			sourceTree = "<group>";
		};
		BA2C9CED154FC06D004D45C3 /* AboutView */ = {
			isa = PBXGroup;
			children = (
				BA2C9CBB154FBC9A004D45C3 /* AboutViewController.h */,
				BA2C9CBC154FBC9A004D45C3 /* AboutViewController.m */,
			);
			name = AboutView;
			sourceTree = "<group>";
		};
		BA2C9CEE154FC083004D45C3 /* Models */ = {
			isa = PBXGroup;
			children = (
				BA2C9CDF154FBFCB004D45C3 /* DictionaryProxy.h */,
				BA2C9CE0154FBFCB004D45C3 /* DictionaryProxy.m */,
				BA2C9CDD154FBFCB004D45C3 /* Dictionary.h */,
				BA2C9CDE154FBFCB004D45C3 /* Dictionary.m */,
				BA2C9CE3154FBFDE004D45C3 /* History.h */,
				BA2C9CE4154FBFDE004D45C3 /* History.m */,
			);
			name = Models;
			sourceTree = "<group>";
		};
		BAB78C6A1551D81D00940972 /* Utility */ = {
			isa = PBXGroup;
			children = (
				BAB78C6B1551D84E00940972 /* FBNetworkReachability.h */,
				BAB78C6C1551D84E00940972 /* FBNetworkReachability.m */,
			);
			name = Utility;
			sourceTree = "<group>";
		};
		BADB21881550202B005770C5 /* CustomUI */ = {
			isa = PBXGroup;
			children = (
				BADB218A15502053005770C5 /* PaddingedLabel.h */,
				BADB218B15502053005770C5 /* PaddingedLabel.m */,
			);
			name = CustomUI;
			sourceTree = "<group>";
		};
/* End PBXGroup section */

/* Begin PBXNativeTarget section */
		BA2C9C6C154FB4AD004D45C3 /* CadavreExquis4iOS */ = {
			isa = PBXNativeTarget;
			buildConfigurationList = BA2C9CAE154FB4AD004D45C3 /* Build configuration list for PBXNativeTarget "CadavreExquis4iOS" */;
			buildPhases = (
				BA2C9C69154FB4AD004D45C3 /* Sources */,
				BA2C9C6A154FB4AD004D45C3 /* Frameworks */,
				BA2C9C6B154FB4AD004D45C3 /* Resources */,
			);
			buildRules = (
			);
			dependencies = (
			);
			name = CadavreExquis4iOS;
			productName = CadavreExquis4iOS;
			productReference = BA2C9C6D154FB4AD004D45C3 /* CadavreExquis4iOS.app */;
			productType = "com.apple.product-type.application";
		};
		BA2C9C9B154FB4AD004D45C3 /* CadavreExquis4iOSTests */ = {
			isa = PBXNativeTarget;
			buildConfigurationList = BA2C9CB1154FB4AD004D45C3 /* Build configuration list for PBXNativeTarget "CadavreExquis4iOSTests" */;
			buildPhases = (
				BA2C9C97154FB4AD004D45C3 /* Sources */,
				BA2C9C98154FB4AD004D45C3 /* Frameworks */,
				BA2C9C99154FB4AD004D45C3 /* Resources */,
				BA2C9C9A154FB4AD004D45C3 /* ShellScript */,
			);
			buildRules = (
			);
			dependencies = (
				BA2C9CA2154FB4AD004D45C3 /* PBXTargetDependency */,
			);
			name = CadavreExquis4iOSTests;
			productName = CadavreExquis4iOSTests;
			productReference = BA2C9C9C154FB4AD004D45C3 /* CadavreExquis4iOSTests.octest */;
			productType = "com.apple.product-type.bundle";
		};
/* End PBXNativeTarget section */

/* Begin PBXProject section */
		BA2C9C64154FB4AD004D45C3 /* Project object */ = {
			isa = PBXProject;
			attributes = {
				LastUpgradeCheck = 0430;
				ORGANIZATIONNAME = "Puella-Ex-Machina";
			};
			buildConfigurationList = BA2C9C67154FB4AD004D45C3 /* Build configuration list for PBXProject "CadavreExquis4iOS" */;
			compatibilityVersion = "Xcode 3.2";
			developmentRegion = English;
			hasScannedForEncodings = 0;
			knownRegions = (
				en,
			);
			mainGroup = BA2C9C62154FB4AD004D45C3;
			productRefGroup = BA2C9C6E154FB4AD004D45C3 /* Products */;
			projectDirPath = "";
			projectRoot = "";
			targets = (
				BA2C9C6C154FB4AD004D45C3 /* CadavreExquis4iOS */,
				BA2C9C9B154FB4AD004D45C3 /* CadavreExquis4iOSTests */,
			);
		};
/* End PBXProject section */

/* Begin PBXResourcesBuildPhase section */
		BA2C9C6B154FB4AD004D45C3 /* Resources */ = {
			isa = PBXResourcesBuildPhase;
			buildActionMask = 2147483647;
			files = (
				BA2C9C7C154FB4AD004D45C3 /* InfoPlist.strings in Resources */,
				BA2C9C85154FB4AD004D45C3 /* MainStoryboard_iPhone.storyboard in Resources */,
				BA2C9C88154FB4AD004D45C3 /* MainStoryboard_iPad.storyboard in Resources */,
				BA2C9CC1154FBE25004D45C3 /* ce4ios.jpg in Resources */,
				BA2C9CC5154FBE49004D45C3 /* icon.png in Resources */,
				BA2C9CC7154FBE51004D45C3 /* iconRatina.png in Resources */,
				BA2C9CCF154FBEBB004D45C3 /* initialData.sqlite in Resources */,
				BA5E222815511BA700618AD7 /* home_24.png in Resources */,
				BA5E222A15511C5500618AD7 /* info_24.png in Resources */,
				BA5E222C15511CE100618AD7 /* plus_24.png in Resources */,
				BA5E223015511E0D00618AD7 /* book_24.png in Resources */,
				BA5E223215511E5A00618AD7 /* outbox_24.png in Resources */,
				BAB78C621551C5B900940972 /* book_24@2x.png in Resources */,
				BAB78C631551C5B900940972 /* home_24@2x.png in Resources */,
				BAB78C641551C5B900940972 /* info_24@2x.png in Resources */,
				BAB78C651551C5B900940972 /* outbox_24@2x.png in Resources */,
				BAB78C661551C5B900940972 /* plus_24@2x.png in Resources */,
			);
			runOnlyForDeploymentPostprocessing = 0;
		};
		BA2C9C99154FB4AD004D45C3 /* Resources */ = {
			isa = PBXResourcesBuildPhase;
			buildActionMask = 2147483647;
			files = (
				BA2C9CA8154FB4AD004D45C3 /* InfoPlist.strings in Resources */,
			);
			runOnlyForDeploymentPostprocessing = 0;
		};
/* End PBXResourcesBuildPhase section */

/* Begin PBXShellScriptBuildPhase section */
		BA2C9C9A154FB4AD004D45C3 /* ShellScript */ = {
			isa = PBXShellScriptBuildPhase;
			buildActionMask = 2147483647;
			files = (
			);
			inputPaths = (
			);
			outputPaths = (
			);
			runOnlyForDeploymentPostprocessing = 0;
			shellPath = /bin/sh;
			shellScript = "# Run the unit tests in this test bundle.\n\"${SYSTEM_DEVELOPER_DIR}/Tools/RunUnitTests\"\n";
		};
/* End PBXShellScriptBuildPhase section */

/* Begin PBXSourcesBuildPhase section */
		BA2C9C69154FB4AD004D45C3 /* Sources */ = {
			isa = PBXSourcesBuildPhase;
			buildActionMask = 2147483647;
			files = (
				BA2C9C7E154FB4AD004D45C3 /* main.m in Sources */,
				BA2C9C82154FB4AD004D45C3 /* AppDelegate.m in Sources */,
				BA2C9C8B154FB4AD004D45C3 /* HomeViewController.m in Sources */,
				BA2C9C92154FB4AD004D45C3 /* HistoryViewController.m in Sources */,
				BA2C9CB7154FBBA7004D45C3 /* DictionaryViewController.m in Sources */,
				BA2C9CBA154FBC53004D45C3 /* ActionViewController.m in Sources */,
				BA2C9CBD154FBC9A004D45C3 /* AboutViewController.m in Sources */,
				BA2C9CD0154FBEBB004D45C3 /* Model.xcdatamodeld in Sources */,
				BA2C9CDB154FBFAC004D45C3 /* BackgroundView.m in Sources */,
				BA2C9CE1154FBFCB004D45C3 /* Dictionary.m in Sources */,
				BA2C9CE2154FBFCB004D45C3 /* DictionaryProxy.m in Sources */,
				BA2C9CE5154FBFDE004D45C3 /* History.m in Sources */,
				BA2C9CE8154FBFF8004D45C3 /* TextView.m in Sources */,
				BADB218C15502053005770C5 /* PaddingedLabel.m in Sources */,
				BA094B9B1550DDF30088FF8C /* DictionaryRootViewController.m in Sources */,
				BA094B9F1550E36C0088FF8C /* DictionaryDetailViewController.m in Sources */,
				BAB78C691551C8B700940972 /* DictionaryAddViewController.m in Sources */,
				BAB78C6D1551D84E00940972 /* FBNetworkReachability.m in Sources */,
			);
			runOnlyForDeploymentPostprocessing = 0;
		};
		BA2C9C97154FB4AD004D45C3 /* Sources */ = {
			isa = PBXSourcesBuildPhase;
			buildActionMask = 2147483647;
			files = (
				BA2C9CAB154FB4AD004D45C3 /* CadavreExquis4iOSTests.m in Sources */,
				BA2C9CDC154FBFAC004D45C3 /* BackgroundView.m in Sources */,
			);
			runOnlyForDeploymentPostprocessing = 0;
		};
/* End PBXSourcesBuildPhase section */

/* Begin PBXTargetDependency section */
		BA2C9CA2154FB4AD004D45C3 /* PBXTargetDependency */ = {
			isa = PBXTargetDependency;
			target = BA2C9C6C154FB4AD004D45C3 /* CadavreExquis4iOS */;
			targetProxy = BA2C9CA1154FB4AD004D45C3 /* PBXContainerItemProxy */;
		};
/* End PBXTargetDependency section */

/* Begin PBXVariantGroup section */
		BA2C9C7A154FB4AD004D45C3 /* InfoPlist.strings */ = {
			isa = PBXVariantGroup;
			children = (
				BA2C9C7B154FB4AD004D45C3 /* en */,
				BAE2529915565FA900E4EFE7 /* ja */,
			);
			name = InfoPlist.strings;
			sourceTree = "<group>";
		};
		BA2C9C83154FB4AD004D45C3 /* MainStoryboard_iPhone.storyboard */ = {
			isa = PBXVariantGroup;
			children = (
				BA2C9C84154FB4AD004D45C3 /* en */,
				BAE2529A15565FA900E4EFE7 /* ja */,
			);
			name = MainStoryboard_iPhone.storyboard;
			sourceTree = "<group>";
		};
		BA2C9C86154FB4AD004D45C3 /* MainStoryboard_iPad.storyboard */ = {
			isa = PBXVariantGroup;
			children = (
				BA2C9C87154FB4AD004D45C3 /* en */,
				BAE2529B15565FA900E4EFE7 /* ja */,
			);
			name = MainStoryboard_iPad.storyboard;
			sourceTree = "<group>";
		};
		BA2C9CA6154FB4AD004D45C3 /* InfoPlist.strings */ = {
			isa = PBXVariantGroup;
			children = (
				BA2C9CA7154FB4AD004D45C3 /* en */,
				BAE2529815565FA900E4EFE7 /* ja */,
			);
			name = InfoPlist.strings;
			sourceTree = "<group>";
		};
/* End PBXVariantGroup section */

/* Begin XCBuildConfiguration section */
		BA2C9CAC154FB4AD004D45C3 /* Debug */ = {
			isa = XCBuildConfiguration;
			buildSettings = {
				ALWAYS_SEARCH_USER_PATHS = NO;
				ARCHS = "$(ARCHS_STANDARD_32_BIT)";
				CLANG_ENABLE_OBJC_ARC = YES;
				"CODE_SIGN_IDENTITY[sdk=iphoneos*]" = "iPhone Developer";
				COPY_PHASE_STRIP = NO;
				GCC_C_LANGUAGE_STANDARD = gnu99;
				GCC_DYNAMIC_NO_PIC = NO;
				GCC_OPTIMIZATION_LEVEL = 0;
				GCC_PREPROCESSOR_DEFINITIONS = (
					"DEBUG=1",
					"$(inherited)",
				);
				GCC_SYMBOLS_PRIVATE_EXTERN = NO;
				GCC_VERSION = com.apple.compilers.llvm.clang.1_0;
				GCC_WARN_ABOUT_RETURN_TYPE = YES;
				GCC_WARN_UNINITIALIZED_AUTOS = YES;
				GCC_WARN_UNUSED_VARIABLE = YES;
				IPHONEOS_DEPLOYMENT_TARGET = 5.1;
				SDKROOT = iphoneos;
				TARGETED_DEVICE_FAMILY = "1,2";
			};
			name = Debug;
		};
		BA2C9CAD154FB4AD004D45C3 /* Release */ = {
			isa = XCBuildConfiguration;
			buildSettings = {
				ALWAYS_SEARCH_USER_PATHS = NO;
				ARCHS = "$(ARCHS_STANDARD_32_BIT)";
				CLANG_ENABLE_OBJC_ARC = YES;
				"CODE_SIGN_IDENTITY[sdk=iphoneos*]" = "iPhone Developer";
				COPY_PHASE_STRIP = YES;
				GCC_C_LANGUAGE_STANDARD = gnu99;
				GCC_VERSION = com.apple.compilers.llvm.clang.1_0;
				GCC_WARN_ABOUT_RETURN_TYPE = YES;
				GCC_WARN_UNINITIALIZED_AUTOS = YES;
				GCC_WARN_UNUSED_VARIABLE = YES;
				IPHONEOS_DEPLOYMENT_TARGET = 5.1;
				OTHER_CFLAGS = "-DNS_BLOCK_ASSERTIONS=1";
				SDKROOT = iphoneos;
				TARGETED_DEVICE_FAMILY = "1,2";
				VALIDATE_PRODUCT = YES;
			};
			name = Release;
		};
		BA2C9CAF154FB4AD004D45C3 /* Debug */ = {
			isa = XCBuildConfiguration;
			buildSettings = {
				GCC_PRECOMPILE_PREFIX_HEADER = YES;
				GCC_PREFIX_HEADER = "CadavreExquis4iOS/CadavreExquis4iOS-Prefix.pch";
				INFOPLIST_FILE = "CadavreExquis4iOS/CadavreExquis4iOS-Info.plist";
				PRODUCT_NAME = "$(TARGET_NAME)";
				TARGETED_DEVICE_FAMILY = 1;
				WRAPPER_EXTENSION = app;
			};
			name = Debug;
		};
		BA2C9CB0154FB4AD004D45C3 /* Release */ = {
			isa = XCBuildConfiguration;
			buildSettings = {
				GCC_PRECOMPILE_PREFIX_HEADER = YES;
				GCC_PREFIX_HEADER = "CadavreExquis4iOS/CadavreExquis4iOS-Prefix.pch";
				INFOPLIST_FILE = "CadavreExquis4iOS/CadavreExquis4iOS-Info.plist";
				PRODUCT_NAME = "$(TARGET_NAME)";
				TARGETED_DEVICE_FAMILY = 1;
				WRAPPER_EXTENSION = app;
			};
			name = Release;
		};
		BA2C9CB2154FB4AD004D45C3 /* Debug */ = {
			isa = XCBuildConfiguration;
			buildSettings = {
				BUNDLE_LOADER = "$(BUILT_PRODUCTS_DIR)/CadavreExquis4iOS.app/CadavreExquis4iOS";
				FRAMEWORK_SEARCH_PATHS = (
					"$(SDKROOT)/Developer/Library/Frameworks",
					"$(DEVELOPER_LIBRARY_DIR)/Frameworks",
				);
				GCC_PRECOMPILE_PREFIX_HEADER = YES;
				GCC_PREFIX_HEADER = "CadavreExquis4iOS/CadavreExquis4iOS-Prefix.pch";
				INFOPLIST_FILE = "CadavreExquis4iOSTests/CadavreExquis4iOSTests-Info.plist";
				PRODUCT_NAME = "$(TARGET_NAME)";
				TEST_HOST = "$(BUNDLE_LOADER)";
				WRAPPER_EXTENSION = octest;
			};
			name = Debug;
		};
		BA2C9CB3154FB4AD004D45C3 /* Release */ = {
			isa = XCBuildConfiguration;
			buildSettings = {
				BUNDLE_LOADER = "$(BUILT_PRODUCTS_DIR)/CadavreExquis4iOS.app/CadavreExquis4iOS";
				FRAMEWORK_SEARCH_PATHS = (
					"$(SDKROOT)/Developer/Library/Frameworks",
					"$(DEVELOPER_LIBRARY_DIR)/Frameworks",
				);
				GCC_PRECOMPILE_PREFIX_HEADER = YES;
				GCC_PREFIX_HEADER = "CadavreExquis4iOS/CadavreExquis4iOS-Prefix.pch";
				INFOPLIST_FILE = "CadavreExquis4iOSTests/CadavreExquis4iOSTests-Info.plist";
				PRODUCT_NAME = "$(TARGET_NAME)";
				TEST_HOST = "$(BUNDLE_LOADER)";
				WRAPPER_EXTENSION = octest;
			};
			name = Release;
		};
/* End XCBuildConfiguration section */

/* Begin XCConfigurationList section */
		BA2C9C67154FB4AD004D45C3 /* Build configuration list for PBXProject "CadavreExquis4iOS" */ = {
			isa = XCConfigurationList;
			buildConfigurations = (
				BA2C9CAC154FB4AD004D45C3 /* Debug */,
				BA2C9CAD154FB4AD004D45C3 /* Release */,
			);
			defaultConfigurationIsVisible = 0;
			defaultConfigurationName = Debug;
		};
		BA2C9CAE154FB4AD004D45C3 /* Build configuration list for PBXNativeTarget "CadavreExquis4iOS" */ = {
			isa = XCConfigurationList;
			buildConfigurations = (
				BA2C9CAF154FB4AD004D45C3 /* Debug */,
				BA2C9CB0154FB4AD004D45C3 /* Release */,
			);
			defaultConfigurationIsVisible = 0;
			defaultConfigurationName = Debug;
		};
		BA2C9CB1154FB4AD004D45C3 /* Build configuration list for PBXNativeTarget "CadavreExquis4iOSTests" */ = {
			isa = XCConfigurationList;
			buildConfigurations = (
				BA2C9CB2154FB4AD004D45C3 /* Debug */,
				BA2C9CB3154FB4AD004D45C3 /* Release */,
			);
			defaultConfigurationIsVisible = 0;
			defaultConfigurationName = Debug;
		};
/* End XCConfigurationList section */

/* Begin XCVersionGroup section */
		BA2C9CCD154FBEBB004D45C3 /* Model.xcdatamodeld */ = {
			isa = XCVersionGroup;
			children = (
				BA2C9CCE154FBEBB004D45C3 /* Model.xcdatamodel */,
			);
			currentVersion = BA2C9CCE154FBEBB004D45C3 /* Model.xcdatamodel */;
			path = Model.xcdatamodeld;
			sourceTree = "<group>";
			versionGroupType = wrapper.xcdatamodel;
		};
/* End XCVersionGroup section */
	};
	rootObject = BA2C9C64154FB4AD004D45C3 /* Project object */;
}
